
Microsoft Visual Studio Solution File, Format Version 12.00
# Visual Studio Version 17
VisualStudioVersion = 17.8.34525.116
MinimumVisualStudioVersion = 10.0.40219.1
Project("{9A19103F-16F7-4668-BE54-9A1E7A4F7556}") = "VisStatsUI_DataUpload", "VisStatsUI_DataUpload\VisStatsUI_DataUpload.csproj", "{E7B1CE9A-B3C4-4AA3-BC09-D92BBAC57B79}"
EndProject
Project("{9A19103F-16F7-4668-BE54-9A1E7A4F7556}") = "VisStatsBL", "VisStatsBL\VisStatsBL.csproj", "{5E794F5B-9D24-4CBB-8390-97BDE836C122}"
EndProject
Project("{9A19103F-16F7-4668-BE54-9A1E7A4F7556}") = "VisStatsDL_File", "VisStatsDL_File\VisStatsDL_File.csproj", "{0A5DACE0-FBC9-4733-9D26-1A9F01332A51}"
EndProject
Project("{9A19103F-16F7-4668-BE54-9A1E7A4F7556}") = "VisStatsDL_SQL", "VisStatsDL_SQL\VisStatsDL_SQL.csproj", "{98E67B25-7524-4D99-9DF2-558455729F8B}"
EndProject
Project("{2150E333-8FDC-42A3-9474-1A3956D46DE8}") = "testApps", "testApps", "{63D5C27F-4C22-458E-809F-894900F0CA01}"
EndProject
Project("{9A19103F-16F7-4668-BE54-9A1E7A4F7556}") = "ConsoleAppTestManager", "ConsoleAppTestManager\ConsoleAppTestManager.csproj", "{7C4F1B37-670A-4DF8-A468-20B45CBB9C35}"
EndProject
Project("{9A19103F-16F7-4668-BE54-9A1E7A4F7556}") = "VisStatsUI_Stats", "VisStatsUI_Stats\VisStatsUI_Stats.csproj", "{4D4B244F-8BEB-452A-9C11-59E727B050A7}"
EndProject
Project("{FAE04EC0-301F-11D3-BF4B-00C04F79EFBC}") = "VisStatsUI_MaandStats", "VisStats_UI_MaandStats\VisStatsUI_MaandStats.csproj", "{474BA47A-ED35-4CE4-9155-CF6657B0D605}"
EndProject
Global
	GlobalSection(SolutionConfigurationPlatforms) = preSolution
		Debug|Any CPU = Debug|Any CPU
		Release|Any CPU = Release|Any CPU
	EndGlobalSection
	GlobalSection(ProjectConfigurationPlatforms) = postSolution
		{E7B1CE9A-B3C4-4AA3-BC09-D92BBAC57B79}.Debug|Any CPU.ActiveCfg = Debug|Any CPU
		{E7B1CE9A-B3C4-4AA3-BC09-D92BBAC57B79}.Debug|Any CPU.Build.0 = Debug|Any CPU
		{E7B1CE9A-B3C4-4AA3-BC09-D92BBAC57B79}.Release|Any CPU.ActiveCfg = Release|Any CPU
		{E7B1CE9A-B3C4-4AA3-BC09-D92BBAC57B79}.Release|Any CPU.Build.0 = Release|Any CPU
		{5E794F5B-9D24-4CBB-8390-97BDE836C122}.Debug|Any CPU.ActiveCfg = Debug|Any CPU
		{5E794F5B-9D24-4CBB-8390-97BDE836C122}.Debug|Any CPU.Build.0 = Debug|Any CPU
		{5E794F5B-9D24-4CBB-8390-97BDE836C122}.Release|Any CPU.ActiveCfg = Release|Any CPU
		{5E794F5B-9D24-4CBB-8390-97BDE836C122}.Release|Any CPU.Build.0 = Release|Any CPU
		{0A5DACE0-FBC9-4733-9D26-1A9F01332A51}.Debug|Any CPU.ActiveCfg = Debug|Any CPU
		{0A5DACE0-FBC9-4733-9D26-1A9F01332A51}.Debug|Any CPU.Build.0 = Debug|Any CPU
		{0A5DACE0-FBC9-4733-9D26-1A9F01332A51}.Release|Any CPU.ActiveCfg = Release|Any CPU
		{0A5DACE0-FBC9-4733-9D26-1A9F01332A51}.Release|Any CPU.Build.0 = Release|Any CPU
		{98E67B25-7524-4D99-9DF2-558455729F8B}.Debug|Any CPU.ActiveCfg = Debug|Any CPU
		{98E67B25-7524-4D99-9DF2-558455729F8B}.Debug|Any CPU.Build.0 = Debug|Any CPU
		{98E67B25-7524-4D99-9DF2-558455729F8B}.Release|Any CPU.ActiveCfg = Release|Any CPU
		{98E67B25-7524-4D99-9DF2-558455729F8B}.Release|Any CPU.Build.0 = Release|Any CPU
		{7C4F1B37-670A-4DF8-A468-20B45CBB9C35}.Debug|Any CPU.ActiveCfg = Debug|Any CPU
		{7C4F1B37-670A-4DF8-A468-20B45CBB9C35}.Debug|Any CPU.Build.0 = Debug|Any CPU
		{7C4F1B37-670A-4DF8-A468-20B45CBB9C35}.Release|Any CPU.ActiveCfg = Release|Any CPU
		{7C4F1B37-670A-4DF8-A468-20B45CBB9C35}.Release|Any CPU.Build.0 = Release|Any CPU
		{4D4B244F-8BEB-452A-9C11-59E727B050A7}.Debug|Any CPU.ActiveCfg = Debug|Any CPU
		{4D4B244F-8BEB-452A-9C11-59E727B050A7}.Debug|Any CPU.Build.0 = Debug|Any CPU
		{4D4B244F-8BEB-452A-9C11-59E727B050A7}.Release|Any CPU.ActiveCfg = Release|Any CPU
		{4D4B244F-8BEB-452A-9C11-59E727B050A7}.Release|Any CPU.Build.0 = Release|Any CPU
		{474BA47A-ED35-4CE4-9155-CF6657B0D605}.Debug|Any CPU.ActiveCfg = Debug|Any CPU
		{474BA47A-ED35-4CE4-9155-CF6657B0D605}.Debug|Any CPU.Build.0 = Debug|Any CPU
		{474BA47A-ED35-4CE4-9155-CF6657B0D605}.Release|Any CPU.ActiveCfg = Release|Any CPU
		{474BA47A-ED35-4CE4-9155-CF6657B0D605}.Release|Any CPU.Build.0 = Release|Any CPU
	EndGlobalSection
	GlobalSection(SolutionProperties) = preSolution
		HideSolutionNode = FALSE
	EndGlobalSection
	GlobalSection(NestedProjects) = preSolution
		{7C4F1B37-670A-4DF8-A468-20B45CBB9C35} = {63D5C27F-4C22-458E-809F-894900F0CA01}
	EndGlobalSection
	GlobalSection(ExtensibilityGlobals) = postSolution
		SolutionGuid = {C075F150-4738-4F2D-9324-E416437BAAAB}
	EndGlobalSection
EndGlobal
